
Microsoft Visual Studio Solution File, Format Version 12.00
# Visual Studio Version 16
VisualStudioVersion = 16.0.31313.79
MinimumVisualStudioVersion = 10.0.40219.1
Project("{9A19103F-16F7-4668-BE54-9A1E7A4F7556}") = "BetterDeath", "BetterDeath.csproj", "{635BDC94-EE2A-4449-965E-71CE8088603B}"
EndProject
Global
	GlobalSection(SolutionConfigurationPlatforms) = preSolution
		Debug|Any CPU = Debug|Any CPU
		Release|Any CPU = Release|Any CPU
	EndGlobalSection
	GlobalSection(ProjectConfigurationPlatforms) = postSolution
		{635BDC94-EE2A-4449-965E-71CE8088603B}.Debug|Any CPU.ActiveCfg = Debug|Any CPU
		{635BDC94-EE2A-4449-965E-71CE8088603B}.Debug|Any CPU.Build.0 = Debug|Any CPU
		{635BDC94-EE2A-4449-965E-71CE8088603B}.Release|Any CPU.ActiveCfg = Release|Any CPU
		{635BDC94-EE2A-4449-965E-71CE8088603B}.Release|Any CPU.Build.0 = Release|Any CPU
	EndGlobalSection
	GlobalSection(SolutionProperties) = preSolution
		HideSolutionNode = FALSE
	EndGlobalSection
	GlobalSection(ExtensibilityGlobals) = postSolution
		SolutionGuid = {42722474-3ECA-494D-A92D-7EE435E93181}
	EndGlobalSection
EndGlobal
